
Microsoft Visual Studio Solution File, Format Version 12.00
# Visual Studio Version 17
VisualStudioVersion = 17.7.34202.233
MinimumVisualStudioVersion = 10.0.40219.1
Project("{FAE04EC0-301F-11D3-BF4B-00C04F79EFBC}") = "Trivia2", "Trivia2.0\Trivia2.csproj", "{4C4DF93C-4BCB-44FB-940C-8BAE5EEFB085}"
EndProject
Global
	GlobalSection(SolutionConfigurationPlatforms) = preSolution
		Debug|Any CPU = Debug|Any CPU
		Release|Any CPU = Release|Any CPU
	EndGlobalSection
	GlobalSection(ProjectConfigurationPlatforms) = postSolution
		{4C4DF93C-4BCB-44FB-940C-8BAE5EEFB085}.Debug|Any CPU.ActiveCfg = Debug|Any CPU
		{4C4DF93C-4BCB-44FB-940C-8BAE5EEFB085}.Debug|Any CPU.Build.0 = Debug|Any CPU
		{4C4DF93C-4BCB-44FB-940C-8BAE5EEFB085}.Debug|Any CPU.Deploy.0 = Debug|Any CPU
		{4C4DF93C-4BCB-44FB-940C-8BAE5EEFB085}.Release|Any CPU.ActiveCfg = Release|Any CPU
		{4C4DF93C-4BCB-44FB-940C-8BAE5EEFB085}.Release|Any CPU.Build.0 = Release|Any CPU
		{4C4DF93C-4BCB-44FB-940C-8BAE5EEFB085}.Release|Any CPU.Deploy.0 = Release|Any CPU
	EndGlobalSection
	GlobalSection(SolutionProperties) = preSolution
		HideSolutionNode = FALSE
	EndGlobalSection
	GlobalSection(ExtensibilityGlobals) = postSolution
		SolutionGuid = {88350FB8-FFAB-4856-9DEB-14A84CBC7A70}
	EndGlobalSection
EndGlobal
